{
    "dependencies": {
        "DataFlex-dev/Database Framework": {
            "ref": "0.1.1"
        },
        "DataFlex-dev/Web UI": {
            "ref": "1.1.4"
        },
        "DataFlex-dev/Web UI Material Theme": {
            "ref": "1.1.0"
        },
        "DataFlex-dev/Web UI WebAssembly": {
            "ref": "0.1.5"
        },
        "DataFlex-dev/WebAssembly Runtime": {
            "ref": "0.1.5"
        }
    },
    "lockVersion": "1.0.0"
}